
Microsoft Visual Studio Solution File, Format Version 12.00
# Visual Studio 14
VisualStudioVersion = 14.0.25420.1
MinimumVisualStudioVersion = 10.0.40219.1
Project("{2150E333-8FDC-42A3-9474-1A3956D46DE8}") = "Crypto", "Crypto", "{3559C599-913C-4BB2-B362-21A33F18C75B}"
EndProject
Project("{8BB2217D-0F2D-49D1-97BC-3654ED321F3B}") = "CryptoCorefx", "CryptoCorefx\CryptoCorefx.xproj", "{54411662-8912-4D2F-BBCC-E07E2CCC0A90}"
EndProject
Project("{FAE04EC0-301F-11D3-BF4B-00C04F79EFBC}") = "CryptoNetFw", "CryptoNetFw\CryptoNetFw.csproj", "{837990ED-8652-448E-8B43-0AA962090B66}"
EndProject
Project("{2150E333-8FDC-42A3-9474-1A3956D46DE8}") = ".global", ".global", "{E656C264-0527-4352-8FAF-BC1A16C0C16D}"
	ProjectSection(SolutionItems) = preProject
		DockerFile = DockerFile
	EndProjectSection
EndProject
Project("{2150E333-8FDC-42A3-9474-1A3956D46DE8}") = "ProtoActor", "ProtoActor", "{CA2E2BA3-2DC3-4EE0-BD58-5E6BEEF8B2BD}"
EndProject
Project("{8BB2217D-0F2D-49D1-97BC-3654ED321F3B}") = "ProtoActorConsole", "ProtoActorConsole\ProtoActorConsole.xproj", "{70AB9B7A-F8C1-4076-ACB5-61A3EE18E718}"
EndProject
Project("{8BB2217D-0F2D-49D1-97BC-3654ED321F3B}") = "Middleware", "Middleware\Middleware.xproj", "{0C207970-D1ED-4038-B052-9A7A28E0DDE1}"
EndProject
Project("{8BB2217D-0F2D-49D1-97BC-3654ED321F3B}") = "MailboxBenchmark", "MailboxBenchmark\MailboxBenchmark.xproj", "{2143DF3E-1C52-40DF-8317-1C86A1BD2770}"
EndProject
Project("{8BB2217D-0F2D-49D1-97BC-3654ED321F3B}") = "ReceiveTimeout", "ReceiveTimeout\ReceiveTimeout.xproj", "{A72A57C9-E329-4225-958F-DD94608AA97F}"
EndProject
Project("{8BB2217D-0F2D-49D1-97BC-3654ED321F3B}") = "Futures", "Futures\Futures.xproj", "{ACEC63AA-B81E-485B-BA1C-C9AF61EB3BB1}"
EndProject
Project("{8BB2217D-0F2D-49D1-97BC-3654ED321F3B}") = "RouterExample", "RouterExample\RouterExample.xproj", "{E2354C9B-F726-448A-9FA1-A84DFB5C42B3}"
EndProject
Project("{8BB2217D-0F2D-49D1-97BC-3654ED321F3B}") = "ScheduleExample", "ScheduleExample\ScheduleExample.xproj", "{77433074-CF23-4975-81A2-49C4D8C2258F}"
EndProject
Project("{8BB2217D-0F2D-49D1-97BC-3654ED321F3B}") = "SpawnBenchmark", "SpawnBenchmark\SpawnBenchmark.xproj", "{1ED86F0E-C9A1-4272-B5E7-8D7B649B3F65}"
EndProject
Project("{8BB2217D-0F2D-49D1-97BC-3654ED321F3B}") = "Supervisor", "Supervisor\Supervisor.xproj", "{F5890A2C-6F1E-4025-A9B7-4219B2B0428A}"
EndProject
Project("{2150E333-8FDC-42A3-9474-1A3956D46DE8}") = "RemoteActivate", "RemoteActivate", "{05223BE0-889F-414D-9353-AC794ADDD9A9}"
EndProject
Project("{8BB2217D-0F2D-49D1-97BC-3654ED321F3B}") = "Messages", "RemoteActivate\Messages\Messages.xproj", "{B12FB888-89B5-4D42-8ECA-0A8E22637D94}"
EndProject
Project("{8BB2217D-0F2D-49D1-97BC-3654ED321F3B}") = "Node1", "RemoteActivate\Node1\Node1.xproj", "{2A830EDF-00F5-4B50-826F-3FB6CD00E709}"
EndProject
Project("{8BB2217D-0F2D-49D1-97BC-3654ED321F3B}") = "Node2", "RemoteActivate\Node2\Node2.xproj", "{007B1EB1-CE1A-41CE-9A9D-AAD7B5369610}"
EndProject
Project("{2150E333-8FDC-42A3-9474-1A3956D46DE8}") = "RemoteBenchmark", "RemoteBenchmark", "{14109FCC-BA95-4CB2-A15D-B021288208A2}"
EndProject
Project("{8BB2217D-0F2D-49D1-97BC-3654ED321F3B}") = "Messages", "RemoteBenchmark\Messages\Messages.xproj", "{0A137638-4F84-4A38-A3DD-D388EDCBCE4E}"
EndProject
Project("{8BB2217D-0F2D-49D1-97BC-3654ED321F3B}") = "Node1", "RemoteBenchmark\Node1\Node1.xproj", "{BB9F6960-252D-41E4-B180-E8B9451B60A2}"
EndProject
Project("{8BB2217D-0F2D-49D1-97BC-3654ED321F3B}") = "Node2", "RemoteBenchmark\Node2\Node2.xproj", "{234181ED-D2C3-48DF-9E13-AB091EA6A25B}"
EndProject
Project("{2150E333-8FDC-42A3-9474-1A3956D46DE8}") = "Persistence", "Persistence", "{3BC133C1-3557-4648-86A5-53D6B4D8BC4F}"
EndProject
Project("{8BB2217D-0F2D-49D1-97BC-3654ED321F3B}") = "PersistenceMessage", "Persistence\PersistenceMessage\PersistenceMessage.xproj", "{D0E0BE61-7CAE-4C75-9217-DED8C92CC439}"
EndProject
Project("{8BB2217D-0F2D-49D1-97BC-3654ED321F3B}") = "Persistence", "Persistence\Persistence\Persistence.xproj", "{AB003AE5-765E-4D5D-A558-F4D4477F166B}"
EndProject
Project("{2150E333-8FDC-42A3-9474-1A3956D46DE8}") = "Cluster", "Cluster", "{683C3927-9A19-42D6-B717-52878B2B510F}"
EndProject
Project("{8BB2217D-0F2D-49D1-97BC-3654ED321F3B}") = "ClusterMessages", "Cluster\ClusterMessages\ClusterMessages.xproj", "{596AD592-8157-4A32-ABB8-BD2427935E80}"
EndProject
Project("{8BB2217D-0F2D-49D1-97BC-3654ED321F3B}") = "ClusterClient", "Cluster\ClusterClient\ClusterClient.xproj", "{1E9682A7-2404-4727-B45B-41C05C3C4E10}"
EndProject
Project("{8BB2217D-0F2D-49D1-97BC-3654ED321F3B}") = "ClusterServer", "Cluster\ClusterServer\ClusterServer.xproj", "{56CD1175-AEBB-4EC1-8281-C09742215DDF}"
EndProject
Project("{2150E333-8FDC-42A3-9474-1A3956D46DE8}") = "Log", "Log", "{68D27652-13DE-44C6-89E2-6A4705CED35B}"
EndProject
Project("{8BB2217D-0F2D-49D1-97BC-3654ED321F3B}") = "NLogApp", "Log\NLogApp\NLogApp.xproj", "{9C6E77FA-8C39-4002-AC7D-F5ABF0A1FBE4}"
EndProject
Project("{2150E333-8FDC-42A3-9474-1A3956D46DE8}") = "ElasticSearch", "ElasticSearch", "{CB4DA55D-5893-4DBA-9890-FB89C8A841A8}"
EndProject
Project("{8BB2217D-0F2D-49D1-97BC-3654ED321F3B}") = "ElasticSearchDemo", "ElasticSearch\ElasticSearchDemo\ElasticSearchDemo.xproj", "{213D8A97-D4DA-408F-8E8A-F530C989AE7A}"
EndProject
Project("{2150E333-8FDC-42A3-9474-1A3956D46DE8}") = "Mars", "Mars", "{5DE79C63-87F6-489F-B2E4-4977AF5B8AFC}"
EndProject
Project("{8BB2217D-0F2D-49D1-97BC-3654ED321F3B}") = "MarsDecode", "Mars\MarsDecode\MarsDecode.xproj", "{AE23B06D-143A-4F71-826D-3986182DC6E6}"
EndProject
Global
	GlobalSection(SolutionConfigurationPlatforms) = preSolution
		Debug|Any CPU = Debug|Any CPU
		Release|Any CPU = Release|Any CPU
	EndGlobalSection
	GlobalSection(ProjectConfigurationPlatforms) = postSolution
		{54411662-8912-4D2F-BBCC-E07E2CCC0A90}.Debug|Any CPU.ActiveCfg = Debug|Any CPU
		{54411662-8912-4D2F-BBCC-E07E2CCC0A90}.Debug|Any CPU.Build.0 = Debug|Any CPU
		{54411662-8912-4D2F-BBCC-E07E2CCC0A90}.Release|Any CPU.ActiveCfg = Release|Any CPU
		{54411662-8912-4D2F-BBCC-E07E2CCC0A90}.Release|Any CPU.Build.0 = Release|Any CPU
		{837990ED-8652-448E-8B43-0AA962090B66}.Debug|Any CPU.ActiveCfg = Debug|Any CPU
		{837990ED-8652-448E-8B43-0AA962090B66}.Debug|Any CPU.Build.0 = Debug|Any CPU
		{837990ED-8652-448E-8B43-0AA962090B66}.Release|Any CPU.ActiveCfg = Release|Any CPU
		{837990ED-8652-448E-8B43-0AA962090B66}.Release|Any CPU.Build.0 = Release|Any CPU
		{70AB9B7A-F8C1-4076-ACB5-61A3EE18E718}.Debug|Any CPU.ActiveCfg = Debug|Any CPU
		{70AB9B7A-F8C1-4076-ACB5-61A3EE18E718}.Debug|Any CPU.Build.0 = Debug|Any CPU
		{70AB9B7A-F8C1-4076-ACB5-61A3EE18E718}.Release|Any CPU.ActiveCfg = Release|Any CPU
		{70AB9B7A-F8C1-4076-ACB5-61A3EE18E718}.Release|Any CPU.Build.0 = Release|Any CPU
		{0C207970-D1ED-4038-B052-9A7A28E0DDE1}.Debug|Any CPU.ActiveCfg = Debug|Any CPU
		{0C207970-D1ED-4038-B052-9A7A28E0DDE1}.Debug|Any CPU.Build.0 = Debug|Any CPU
		{0C207970-D1ED-4038-B052-9A7A28E0DDE1}.Release|Any CPU.ActiveCfg = Release|Any CPU
		{0C207970-D1ED-4038-B052-9A7A28E0DDE1}.Release|Any CPU.Build.0 = Release|Any CPU
		{2143DF3E-1C52-40DF-8317-1C86A1BD2770}.Debug|Any CPU.ActiveCfg = Debug|Any CPU
		{2143DF3E-1C52-40DF-8317-1C86A1BD2770}.Debug|Any CPU.Build.0 = Debug|Any CPU
		{2143DF3E-1C52-40DF-8317-1C86A1BD2770}.Release|Any CPU.ActiveCfg = Release|Any CPU
		{2143DF3E-1C52-40DF-8317-1C86A1BD2770}.Release|Any CPU.Build.0 = Release|Any CPU
		{A72A57C9-E329-4225-958F-DD94608AA97F}.Debug|Any CPU.ActiveCfg = Debug|Any CPU
		{A72A57C9-E329-4225-958F-DD94608AA97F}.Debug|Any CPU.Build.0 = Debug|Any CPU
		{A72A57C9-E329-4225-958F-DD94608AA97F}.Release|Any CPU.ActiveCfg = Release|Any CPU
		{A72A57C9-E329-4225-958F-DD94608AA97F}.Release|Any CPU.Build.0 = Release|Any CPU
		{ACEC63AA-B81E-485B-BA1C-C9AF61EB3BB1}.Debug|Any CPU.ActiveCfg = Debug|Any CPU
		{ACEC63AA-B81E-485B-BA1C-C9AF61EB3BB1}.Debug|Any CPU.Build.0 = Debug|Any CPU
		{ACEC63AA-B81E-485B-BA1C-C9AF61EB3BB1}.Release|Any CPU.ActiveCfg = Release|Any CPU
		{ACEC63AA-B81E-485B-BA1C-C9AF61EB3BB1}.Release|Any CPU.Build.0 = Release|Any CPU
		{E2354C9B-F726-448A-9FA1-A84DFB5C42B3}.Debug|Any CPU.ActiveCfg = Debug|Any CPU
		{E2354C9B-F726-448A-9FA1-A84DFB5C42B3}.Debug|Any CPU.Build.0 = Debug|Any CPU
		{E2354C9B-F726-448A-9FA1-A84DFB5C42B3}.Release|Any CPU.ActiveCfg = Release|Any CPU
		{E2354C9B-F726-448A-9FA1-A84DFB5C42B3}.Release|Any CPU.Build.0 = Release|Any CPU
		{77433074-CF23-4975-81A2-49C4D8C2258F}.Debug|Any CPU.ActiveCfg = Debug|Any CPU
		{77433074-CF23-4975-81A2-49C4D8C2258F}.Debug|Any CPU.Build.0 = Debug|Any CPU
		{77433074-CF23-4975-81A2-49C4D8C2258F}.Release|Any CPU.ActiveCfg = Release|Any CPU
		{77433074-CF23-4975-81A2-49C4D8C2258F}.Release|Any CPU.Build.0 = Release|Any CPU
		{1ED86F0E-C9A1-4272-B5E7-8D7B649B3F65}.Debug|Any CPU.ActiveCfg = Debug|Any CPU
		{1ED86F0E-C9A1-4272-B5E7-8D7B649B3F65}.Debug|Any CPU.Build.0 = Debug|Any CPU
		{1ED86F0E-C9A1-4272-B5E7-8D7B649B3F65}.Release|Any CPU.ActiveCfg = Release|Any CPU
		{1ED86F0E-C9A1-4272-B5E7-8D7B649B3F65}.Release|Any CPU.Build.0 = Release|Any CPU
		{F5890A2C-6F1E-4025-A9B7-4219B2B0428A}.Debug|Any CPU.ActiveCfg = Debug|Any CPU
		{F5890A2C-6F1E-4025-A9B7-4219B2B0428A}.Debug|Any CPU.Build.0 = Debug|Any CPU
		{F5890A2C-6F1E-4025-A9B7-4219B2B0428A}.Release|Any CPU.ActiveCfg = Release|Any CPU
		{F5890A2C-6F1E-4025-A9B7-4219B2B0428A}.Release|Any CPU.Build.0 = Release|Any CPU
		{B12FB888-89B5-4D42-8ECA-0A8E22637D94}.Debug|Any CPU.ActiveCfg = Debug|Any CPU
		{B12FB888-89B5-4D42-8ECA-0A8E22637D94}.Debug|Any CPU.Build.0 = Debug|Any CPU
		{B12FB888-89B5-4D42-8ECA-0A8E22637D94}.Release|Any CPU.ActiveCfg = Release|Any CPU
		{B12FB888-89B5-4D42-8ECA-0A8E22637D94}.Release|Any CPU.Build.0 = Release|Any CPU
		{2A830EDF-00F5-4B50-826F-3FB6CD00E709}.Debug|Any CPU.ActiveCfg = Debug|Any CPU
		{2A830EDF-00F5-4B50-826F-3FB6CD00E709}.Debug|Any CPU.Build.0 = Debug|Any CPU
		{2A830EDF-00F5-4B50-826F-3FB6CD00E709}.Release|Any CPU.ActiveCfg = Release|Any CPU
		{2A830EDF-00F5-4B50-826F-3FB6CD00E709}.Release|Any CPU.Build.0 = Release|Any CPU
		{007B1EB1-CE1A-41CE-9A9D-AAD7B5369610}.Debug|Any CPU.ActiveCfg = Debug|Any CPU
		{007B1EB1-CE1A-41CE-9A9D-AAD7B5369610}.Debug|Any CPU.Build.0 = Debug|Any CPU
		{007B1EB1-CE1A-41CE-9A9D-AAD7B5369610}.Release|Any CPU.ActiveCfg = Release|Any CPU
		{007B1EB1-CE1A-41CE-9A9D-AAD7B5369610}.Release|Any CPU.Build.0 = Release|Any CPU
		{0A137638-4F84-4A38-A3DD-D388EDCBCE4E}.Debug|Any CPU.ActiveCfg = Debug|Any CPU
		{0A137638-4F84-4A38-A3DD-D388EDCBCE4E}.Debug|Any CPU.Build.0 = Debug|Any CPU
		{0A137638-4F84-4A38-A3DD-D388EDCBCE4E}.Release|Any CPU.ActiveCfg = Release|Any CPU
		{0A137638-4F84-4A38-A3DD-D388EDCBCE4E}.Release|Any CPU.Build.0 = Release|Any CPU
		{BB9F6960-252D-41E4-B180-E8B9451B60A2}.Debug|Any CPU.ActiveCfg = Debug|Any CPU
		{BB9F6960-252D-41E4-B180-E8B9451B60A2}.Debug|Any CPU.Build.0 = Debug|Any CPU
		{BB9F6960-252D-41E4-B180-E8B9451B60A2}.Release|Any CPU.ActiveCfg = Release|Any CPU
		{BB9F6960-252D-41E4-B180-E8B9451B60A2}.Release|Any CPU.Build.0 = Release|Any CPU
		{234181ED-D2C3-48DF-9E13-AB091EA6A25B}.Debug|Any CPU.ActiveCfg = Debug|Any CPU
		{234181ED-D2C3-48DF-9E13-AB091EA6A25B}.Debug|Any CPU.Build.0 = Debug|Any CPU
		{234181ED-D2C3-48DF-9E13-AB091EA6A25B}.Release|Any CPU.ActiveCfg = Release|Any CPU
		{234181ED-D2C3-48DF-9E13-AB091EA6A25B}.Release|Any CPU.Build.0 = Release|Any CPU
		{D0E0BE61-7CAE-4C75-9217-DED8C92CC439}.Debug|Any CPU.ActiveCfg = Debug|Any CPU
		{D0E0BE61-7CAE-4C75-9217-DED8C92CC439}.Debug|Any CPU.Build.0 = Debug|Any CPU
		{D0E0BE61-7CAE-4C75-9217-DED8C92CC439}.Release|Any CPU.ActiveCfg = Release|Any CPU
		{D0E0BE61-7CAE-4C75-9217-DED8C92CC439}.Release|Any CPU.Build.0 = Release|Any CPU
		{AB003AE5-765E-4D5D-A558-F4D4477F166B}.Debug|Any CPU.ActiveCfg = Debug|Any CPU
		{AB003AE5-765E-4D5D-A558-F4D4477F166B}.Debug|Any CPU.Build.0 = Debug|Any CPU
		{AB003AE5-765E-4D5D-A558-F4D4477F166B}.Release|Any CPU.ActiveCfg = Release|Any CPU
		{AB003AE5-765E-4D5D-A558-F4D4477F166B}.Release|Any CPU.Build.0 = Release|Any CPU
		{596AD592-8157-4A32-ABB8-BD2427935E80}.Debug|Any CPU.ActiveCfg = Debug|Any CPU
		{596AD592-8157-4A32-ABB8-BD2427935E80}.Debug|Any CPU.Build.0 = Debug|Any CPU
		{596AD592-8157-4A32-ABB8-BD2427935E80}.Release|Any CPU.ActiveCfg = Release|Any CPU
		{596AD592-8157-4A32-ABB8-BD2427935E80}.Release|Any CPU.Build.0 = Release|Any CPU
		{1E9682A7-2404-4727-B45B-41C05C3C4E10}.Debug|Any CPU.ActiveCfg = Debug|Any CPU
		{1E9682A7-2404-4727-B45B-41C05C3C4E10}.Debug|Any CPU.Build.0 = Debug|Any CPU
		{1E9682A7-2404-4727-B45B-41C05C3C4E10}.Release|Any CPU.ActiveCfg = Release|Any CPU
		{1E9682A7-2404-4727-B45B-41C05C3C4E10}.Release|Any CPU.Build.0 = Release|Any CPU
		{56CD1175-AEBB-4EC1-8281-C09742215DDF}.Debug|Any CPU.ActiveCfg = Debug|Any CPU
		{56CD1175-AEBB-4EC1-8281-C09742215DDF}.Debug|Any CPU.Build.0 = Debug|Any CPU
		{56CD1175-AEBB-4EC1-8281-C09742215DDF}.Release|Any CPU.ActiveCfg = Release|Any CPU
		{56CD1175-AEBB-4EC1-8281-C09742215DDF}.Release|Any CPU.Build.0 = Release|Any CPU
		{9C6E77FA-8C39-4002-AC7D-F5ABF0A1FBE4}.Debug|Any CPU.ActiveCfg = Debug|Any CPU
		{9C6E77FA-8C39-4002-AC7D-F5ABF0A1FBE4}.Debug|Any CPU.Build.0 = Debug|Any CPU
		{9C6E77FA-8C39-4002-AC7D-F5ABF0A1FBE4}.Release|Any CPU.ActiveCfg = Release|Any CPU
		{9C6E77FA-8C39-4002-AC7D-F5ABF0A1FBE4}.Release|Any CPU.Build.0 = Release|Any CPU
		{213D8A97-D4DA-408F-8E8A-F530C989AE7A}.Debug|Any CPU.ActiveCfg = Debug|Any CPU
		{213D8A97-D4DA-408F-8E8A-F530C989AE7A}.Debug|Any CPU.Build.0 = Debug|Any CPU
		{213D8A97-D4DA-408F-8E8A-F530C989AE7A}.Release|Any CPU.ActiveCfg = Release|Any CPU
		{213D8A97-D4DA-408F-8E8A-F530C989AE7A}.Release|Any CPU.Build.0 = Release|Any CPU
		{AE23B06D-143A-4F71-826D-3986182DC6E6}.Debug|Any CPU.ActiveCfg = Debug|Any CPU
		{AE23B06D-143A-4F71-826D-3986182DC6E6}.Debug|Any CPU.Build.0 = Debug|Any CPU
		{AE23B06D-143A-4F71-826D-3986182DC6E6}.Release|Any CPU.ActiveCfg = Release|Any CPU
		{AE23B06D-143A-4F71-826D-3986182DC6E6}.Release|Any CPU.Build.0 = Release|Any CPU
	EndGlobalSection
	GlobalSection(SolutionProperties) = preSolution
		HideSolutionNode = FALSE
	EndGlobalSection
	GlobalSection(NestedProjects) = preSolution
		{54411662-8912-4D2F-BBCC-E07E2CCC0A90} = {3559C599-913C-4BB2-B362-21A33F18C75B}
		{837990ED-8652-448E-8B43-0AA962090B66} = {3559C599-913C-4BB2-B362-21A33F18C75B}
		{70AB9B7A-F8C1-4076-ACB5-61A3EE18E718} = {CA2E2BA3-2DC3-4EE0-BD58-5E6BEEF8B2BD}
		{0C207970-D1ED-4038-B052-9A7A28E0DDE1} = {CA2E2BA3-2DC3-4EE0-BD58-5E6BEEF8B2BD}
		{2143DF3E-1C52-40DF-8317-1C86A1BD2770} = {CA2E2BA3-2DC3-4EE0-BD58-5E6BEEF8B2BD}
		{A72A57C9-E329-4225-958F-DD94608AA97F} = {CA2E2BA3-2DC3-4EE0-BD58-5E6BEEF8B2BD}
		{ACEC63AA-B81E-485B-BA1C-C9AF61EB3BB1} = {CA2E2BA3-2DC3-4EE0-BD58-5E6BEEF8B2BD}
		{E2354C9B-F726-448A-9FA1-A84DFB5C42B3} = {CA2E2BA3-2DC3-4EE0-BD58-5E6BEEF8B2BD}
		{77433074-CF23-4975-81A2-49C4D8C2258F} = {CA2E2BA3-2DC3-4EE0-BD58-5E6BEEF8B2BD}
		{1ED86F0E-C9A1-4272-B5E7-8D7B649B3F65} = {CA2E2BA3-2DC3-4EE0-BD58-5E6BEEF8B2BD}
		{F5890A2C-6F1E-4025-A9B7-4219B2B0428A} = {CA2E2BA3-2DC3-4EE0-BD58-5E6BEEF8B2BD}
		{B12FB888-89B5-4D42-8ECA-0A8E22637D94} = {05223BE0-889F-414D-9353-AC794ADDD9A9}
		{2A830EDF-00F5-4B50-826F-3FB6CD00E709} = {05223BE0-889F-414D-9353-AC794ADDD9A9}
		{007B1EB1-CE1A-41CE-9A9D-AAD7B5369610} = {05223BE0-889F-414D-9353-AC794ADDD9A9}
		{0A137638-4F84-4A38-A3DD-D388EDCBCE4E} = {14109FCC-BA95-4CB2-A15D-B021288208A2}
		{BB9F6960-252D-41E4-B180-E8B9451B60A2} = {14109FCC-BA95-4CB2-A15D-B021288208A2}
		{234181ED-D2C3-48DF-9E13-AB091EA6A25B} = {14109FCC-BA95-4CB2-A15D-B021288208A2}
		{D0E0BE61-7CAE-4C75-9217-DED8C92CC439} = {3BC133C1-3557-4648-86A5-53D6B4D8BC4F}
		{AB003AE5-765E-4D5D-A558-F4D4477F166B} = {3BC133C1-3557-4648-86A5-53D6B4D8BC4F}
		{596AD592-8157-4A32-ABB8-BD2427935E80} = {683C3927-9A19-42D6-B717-52878B2B510F}
		{1E9682A7-2404-4727-B45B-41C05C3C4E10} = {683C3927-9A19-42D6-B717-52878B2B510F}
		{56CD1175-AEBB-4EC1-8281-C09742215DDF} = {683C3927-9A19-42D6-B717-52878B2B510F}
		{9C6E77FA-8C39-4002-AC7D-F5ABF0A1FBE4} = {68D27652-13DE-44C6-89E2-6A4705CED35B}
		{213D8A97-D4DA-408F-8E8A-F530C989AE7A} = {CB4DA55D-5893-4DBA-9890-FB89C8A841A8}
		{AE23B06D-143A-4F71-826D-3986182DC6E6} = {5DE79C63-87F6-489F-B2E4-4977AF5B8AFC}
	EndGlobalSection
EndGlobal
