
Microsoft Visual Studio Solution File, Format Version 12.00
# Visual Studio 14
VisualStudioVersion = 14.0.25420.1
MinimumVisualStudioVersion = 10.0.40219.1
Project("{2150E333-8FDC-42A3-9474-1A3956D46DE8}") = "Crypto", "Crypto", "{3559C599-913C-4BB2-B362-21A33F18C75B}"
EndProject
Project("{8BB2217D-0F2D-49D1-97BC-3654ED321F3B}") = "CryptoCorefx", "CryptoCorefx\CryptoCorefx.xproj", "{54411662-8912-4D2F-BBCC-E07E2CCC0A90}"
EndProject
Project("{FAE04EC0-301F-11D3-BF4B-00C04F79EFBC}") = "CryptoNetFw", "CryptoNetFw\CryptoNetFw.csproj", "{837990ED-8652-448E-8B43-0AA962090B66}"
EndProject
Project("{2150E333-8FDC-42A3-9474-1A3956D46DE8}") = ".global", ".global", "{E656C264-0527-4352-8FAF-BC1A16C0C16D}"
	ProjectSection(SolutionItems) = preProject
		DockerFile = DockerFile
	EndProjectSection
EndProject
Project("{2150E333-8FDC-42A3-9474-1A3956D46DE8}") = "ProtoActor", "ProtoActor", "{CA2E2BA3-2DC3-4EE0-BD58-5E6BEEF8B2BD}"
EndProject
Project("{8BB2217D-0F2D-49D1-97BC-3654ED321F3B}") = "ProtoActorConsole", "ProtoActorConsole\ProtoActorConsole.xproj", "{70AB9B7A-F8C1-4076-ACB5-61A3EE18E718}"
EndProject
Project("{8BB2217D-0F2D-49D1-97BC-3654ED321F3B}") = "Middleware", "Middleware\Middleware.xproj", "{0C207970-D1ED-4038-B052-9A7A28E0DDE1}"
EndProject
Project("{8BB2217D-0F2D-49D1-97BC-3654ED321F3B}") = "MailboxBenchmark", "MailboxBenchmark\MailboxBenchmark.xproj", "{2143DF3E-1C52-40DF-8317-1C86A1BD2770}"
EndProject
Project("{8BB2217D-0F2D-49D1-97BC-3654ED321F3B}") = "ReceiveTimeout", "ReceiveTimeout\ReceiveTimeout.xproj", "{A72A57C9-E329-4225-958F-DD94608AA97F}"
EndProject
Project("{8BB2217D-0F2D-49D1-97BC-3654ED321F3B}") = "Futures", "Futures\Futures.xproj", "{ACEC63AA-B81E-485B-BA1C-C9AF61EB3BB1}"
EndProject
Project("{8BB2217D-0F2D-49D1-97BC-3654ED321F3B}") = "RouterExample", "RouterExample\RouterExample.xproj", "{E2354C9B-F726-448A-9FA1-A84DFB5C42B3}"
EndProject
Project("{8BB2217D-0F2D-49D1-97BC-3654ED321F3B}") = "ScheduleExample", "ScheduleExample\ScheduleExample.xproj", "{77433074-CF23-4975-81A2-49C4D8C2258F}"
EndProject
Project("{8BB2217D-0F2D-49D1-97BC-3654ED321F3B}") = "SpawnBenchmark", "SpawnBenchmark\SpawnBenchmark.xproj", "{1ED86F0E-C9A1-4272-B5E7-8D7B649B3F65}"
EndProject
Global
	GlobalSection(SolutionConfigurationPlatforms) = preSolution
		Debug|Any CPU = Debug|Any CPU
		Release|Any CPU = Release|Any CPU
	EndGlobalSection
	GlobalSection(ProjectConfigurationPlatforms) = postSolution
		{54411662-8912-4D2F-BBCC-E07E2CCC0A90}.Debug|Any CPU.ActiveCfg = Debug|Any CPU
		{54411662-8912-4D2F-BBCC-E07E2CCC0A90}.Debug|Any CPU.Build.0 = Debug|Any CPU
		{54411662-8912-4D2F-BBCC-E07E2CCC0A90}.Release|Any CPU.ActiveCfg = Release|Any CPU
		{54411662-8912-4D2F-BBCC-E07E2CCC0A90}.Release|Any CPU.Build.0 = Release|Any CPU
		{837990ED-8652-448E-8B43-0AA962090B66}.Debug|Any CPU.ActiveCfg = Debug|Any CPU
		{837990ED-8652-448E-8B43-0AA962090B66}.Debug|Any CPU.Build.0 = Debug|Any CPU
		{837990ED-8652-448E-8B43-0AA962090B66}.Release|Any CPU.ActiveCfg = Release|Any CPU
		{837990ED-8652-448E-8B43-0AA962090B66}.Release|Any CPU.Build.0 = Release|Any CPU
		{70AB9B7A-F8C1-4076-ACB5-61A3EE18E718}.Debug|Any CPU.ActiveCfg = Debug|Any CPU
		{70AB9B7A-F8C1-4076-ACB5-61A3EE18E718}.Debug|Any CPU.Build.0 = Debug|Any CPU
		{70AB9B7A-F8C1-4076-ACB5-61A3EE18E718}.Release|Any CPU.ActiveCfg = Release|Any CPU
		{70AB9B7A-F8C1-4076-ACB5-61A3EE18E718}.Release|Any CPU.Build.0 = Release|Any CPU
		{0C207970-D1ED-4038-B052-9A7A28E0DDE1}.Debug|Any CPU.ActiveCfg = Debug|Any CPU
		{0C207970-D1ED-4038-B052-9A7A28E0DDE1}.Debug|Any CPU.Build.0 = Debug|Any CPU
		{0C207970-D1ED-4038-B052-9A7A28E0DDE1}.Release|Any CPU.ActiveCfg = Release|Any CPU
		{0C207970-D1ED-4038-B052-9A7A28E0DDE1}.Release|Any CPU.Build.0 = Release|Any CPU
		{2143DF3E-1C52-40DF-8317-1C86A1BD2770}.Debug|Any CPU.ActiveCfg = Debug|Any CPU
		{2143DF3E-1C52-40DF-8317-1C86A1BD2770}.Debug|Any CPU.Build.0 = Debug|Any CPU
		{2143DF3E-1C52-40DF-8317-1C86A1BD2770}.Release|Any CPU.ActiveCfg = Release|Any CPU
		{2143DF3E-1C52-40DF-8317-1C86A1BD2770}.Release|Any CPU.Build.0 = Release|Any CPU
		{A72A57C9-E329-4225-958F-DD94608AA97F}.Debug|Any CPU.ActiveCfg = Debug|Any CPU
		{A72A57C9-E329-4225-958F-DD94608AA97F}.Debug|Any CPU.Build.0 = Debug|Any CPU
		{A72A57C9-E329-4225-958F-DD94608AA97F}.Release|Any CPU.ActiveCfg = Release|Any CPU
		{A72A57C9-E329-4225-958F-DD94608AA97F}.Release|Any CPU.Build.0 = Release|Any CPU
		{ACEC63AA-B81E-485B-BA1C-C9AF61EB3BB1}.Debug|Any CPU.ActiveCfg = Debug|Any CPU
		{ACEC63AA-B81E-485B-BA1C-C9AF61EB3BB1}.Debug|Any CPU.Build.0 = Debug|Any CPU
		{ACEC63AA-B81E-485B-BA1C-C9AF61EB3BB1}.Release|Any CPU.ActiveCfg = Release|Any CPU
		{ACEC63AA-B81E-485B-BA1C-C9AF61EB3BB1}.Release|Any CPU.Build.0 = Release|Any CPU
		{E2354C9B-F726-448A-9FA1-A84DFB5C42B3}.Debug|Any CPU.ActiveCfg = Debug|Any CPU
		{E2354C9B-F726-448A-9FA1-A84DFB5C42B3}.Debug|Any CPU.Build.0 = Debug|Any CPU
		{E2354C9B-F726-448A-9FA1-A84DFB5C42B3}.Release|Any CPU.ActiveCfg = Release|Any CPU
		{E2354C9B-F726-448A-9FA1-A84DFB5C42B3}.Release|Any CPU.Build.0 = Release|Any CPU
		{77433074-CF23-4975-81A2-49C4D8C2258F}.Debug|Any CPU.ActiveCfg = Debug|Any CPU
		{77433074-CF23-4975-81A2-49C4D8C2258F}.Debug|Any CPU.Build.0 = Debug|Any CPU
		{77433074-CF23-4975-81A2-49C4D8C2258F}.Release|Any CPU.ActiveCfg = Release|Any CPU
		{77433074-CF23-4975-81A2-49C4D8C2258F}.Release|Any CPU.Build.0 = Release|Any CPU
		{1ED86F0E-C9A1-4272-B5E7-8D7B649B3F65}.Debug|Any CPU.ActiveCfg = Debug|Any CPU
		{1ED86F0E-C9A1-4272-B5E7-8D7B649B3F65}.Debug|Any CPU.Build.0 = Debug|Any CPU
		{1ED86F0E-C9A1-4272-B5E7-8D7B649B3F65}.Release|Any CPU.ActiveCfg = Release|Any CPU
		{1ED86F0E-C9A1-4272-B5E7-8D7B649B3F65}.Release|Any CPU.Build.0 = Release|Any CPU
	EndGlobalSection
	GlobalSection(SolutionProperties) = preSolution
		HideSolutionNode = FALSE
	EndGlobalSection
	GlobalSection(NestedProjects) = preSolution
		{54411662-8912-4D2F-BBCC-E07E2CCC0A90} = {3559C599-913C-4BB2-B362-21A33F18C75B}
		{837990ED-8652-448E-8B43-0AA962090B66} = {3559C599-913C-4BB2-B362-21A33F18C75B}
		{70AB9B7A-F8C1-4076-ACB5-61A3EE18E718} = {CA2E2BA3-2DC3-4EE0-BD58-5E6BEEF8B2BD}
		{0C207970-D1ED-4038-B052-9A7A28E0DDE1} = {CA2E2BA3-2DC3-4EE0-BD58-5E6BEEF8B2BD}
		{2143DF3E-1C52-40DF-8317-1C86A1BD2770} = {CA2E2BA3-2DC3-4EE0-BD58-5E6BEEF8B2BD}
		{A72A57C9-E329-4225-958F-DD94608AA97F} = {CA2E2BA3-2DC3-4EE0-BD58-5E6BEEF8B2BD}
		{ACEC63AA-B81E-485B-BA1C-C9AF61EB3BB1} = {CA2E2BA3-2DC3-4EE0-BD58-5E6BEEF8B2BD}
		{E2354C9B-F726-448A-9FA1-A84DFB5C42B3} = {CA2E2BA3-2DC3-4EE0-BD58-5E6BEEF8B2BD}
		{77433074-CF23-4975-81A2-49C4D8C2258F} = {CA2E2BA3-2DC3-4EE0-BD58-5E6BEEF8B2BD}
		{1ED86F0E-C9A1-4272-B5E7-8D7B649B3F65} = {CA2E2BA3-2DC3-4EE0-BD58-5E6BEEF8B2BD}
	EndGlobalSection
EndGlobal
